
Microsoft Visual Studio Solution File, Format Version 12.00
# Visual Studio Version 17
VisualStudioVersion = 17.4.33122.133
MinimumVisualStudioVersion = 10.0.40219.1
Project("{FAE04EC0-301F-11D3-BF4B-00C04F79EFBC}") = "smsDesktopApp", "smsDesktopApp\smsDesktopApp.csproj", "{571CF3E1-30DB-4F0C-B61F-DA19C21CD032}"
EndProject
Global
	GlobalSection(SolutionConfigurationPlatforms) = preSolution
		Debug|Any CPU = Debug|Any CPU
		Release|Any CPU = Release|Any CPU
	EndGlobalSection
	GlobalSection(ProjectConfigurationPlatforms) = postSolution
		{571CF3E1-30DB-4F0C-B61F-DA19C21CD032}.Debug|Any CPU.ActiveCfg = Debug|Any CPU
		{571CF3E1-30DB-4F0C-B61F-DA19C21CD032}.Debug|Any CPU.Build.0 = Debug|Any CPU
		{571CF3E1-30DB-4F0C-B61F-DA19C21CD032}.Release|Any CPU.ActiveCfg = Release|Any CPU
		{571CF3E1-30DB-4F0C-B61F-DA19C21CD032}.Release|Any CPU.Build.0 = Release|Any CPU
	EndGlobalSection
	GlobalSection(SolutionProperties) = preSolution
		HideSolutionNode = FALSE
	EndGlobalSection
	GlobalSection(ExtensibilityGlobals) = postSolution
		SolutionGuid = {6F6E69D3-1C58-41E4-873A-A0BE029CC44D}
	EndGlobalSection
EndGlobal
